PODS:
  - Alamofire (5.4.2)
  - IBAnimatable (6.1.0)
  - Kingfisher (6.2.1)
  - NVActivityIndicatorView (5.1.1):
    - NVActivityIndicatorView/Base (= 5.1.1)
  - NVActivityIndicatorView/Base (5.1.1)

DEPENDENCIES:
  - Alamofire
  - IBAnimatable
  - Kingfisher
  - NVActivityIndicatorView

SPEC REPOS:
  trunk:
    - Alamofire
    - IBAnimatable
    - Kingfisher
    - NVActivityIndicatorView

SPEC CHECKSUMS:
  Alamofire: bfbc4c2fe5909b1d94fb4ef2277c6b3727ef5dae
  IBAnimatable: 99dddd4c0625884a301ba3ecbc1615f8a390368e
  Kingfisher: e71c6fac2aebb1262888cabc2cb13d313362a48f
  NVActivityIndicatorView: 1f6c5687f1171810aa27a3296814dc2d7dec3667

PODFILE CHECKSUM: 6171d05a1b3181fae4fc979611af6e91bcace249

COCOAPODS: 1.10.2
